// !$*UTF8*$!
{
	archiveVersion = 1;
	classes = {
	};
	objectVersion = 42;
	objects = {

/* Begin PBXBuildFile section */
		7D5F75DF1065C7C300FFADED /* main.cpp in Sources */ = {isa = PBXBuildFile; fileRef = 7D5F75DB1065C7C300FFADED /* main.cpp */; };
		7D5F75E01065C7C300FFADED /* matrix.cpp in Sources */ = {isa = PBXBuildFile; fileRef = 7D5F75DC1065C7C300FFADED /* matrix.cpp */; };
		7D5F75E11065C7C300FFADED /* shadersource.cpp in Sources */ = {isa = PBXBuildFile; fileRef = 7D5F75DD1065C7C300FFADED /* shadersource.cpp */; };
		7D5F75E21065C7C300FFADED /* shape.cpp in Sources */ = {isa = PBXBuildFile; fileRef = 7D5F75DE1065C7C300FFADED /* shape.cpp */; };
		7D5F76091065D22200FFADED /* simple.frag in Resources */ = {isa = PBXBuildFile; fileRef = 7D5F75E51065C7CE00FFADED /* simple.frag */; };
		7D5F760A1065D22200FFADED /* simple.vert in Resources */ = {isa = PBXBuildFile; fileRef = 7D5F75E61065C7CE00FFADED /* simple.vert */; };
		7D7373310FEC8CAF00CD26D5 /* GLUT.framework in Frameworks */ = {isa = PBXBuildFile; fileRef = 7D7373300FEC8CAF00CD26D5 /* GLUT.framework */; };
		7D7373350FEC8CBA00CD26D5 /* OpenGL.framework in Frameworks */ = {isa = PBXBuildFile; fileRef = 7D7373340FEC8CBA00CD26D5 /* OpenGL.framework */; };
/* End PBXBuildFile section */

/* Begin PBXFileReference section */
		7D5F75DB1065C7C300FFADED /* main.cpp */ = {isa = PBXFileReference; fileEncoding = 4; lastKnownFileType = sourcecode.cpp.cpp; path = main.cpp; sourceTree = "<group>"; };
		7D5F75DC1065C7C300FFADED /* matrix.cpp */ = {isa = PBXFileReference; fileEncoding = 4; lastKnownFileType = sourcecode.cpp.cpp; path = matrix.cpp; sourceTree = "<group>"; };
		7D5F75DD1065C7C300FFADED /* shadersource.cpp */ = {isa = PBXFileReference; fileEncoding = 4; lastKnownFileType = sourcecode.cpp.cpp; path = shadersource.cpp; sourceTree = "<group>"; };
		7D5F75DE1065C7C300FFADED /* shape.cpp */ = {isa = PBXFileReference; fileEncoding = 4; lastKnownFileType = sourcecode.cpp.cpp; path = shape.cpp; sourceTree = "<group>"; };
		7D5F75E51065C7CE00FFADED /* simple.frag */ = {isa = PBXFileReference; fileEncoding = 4; lastKnownFileType = sourcecode.glsl; path = simple.frag; sourceTree = "<group>"; };
		7D5F75E61065C7CE00FFADED /* simple.vert */ = {isa = PBXFileReference; fileEncoding = 4; lastKnownFileType = sourcecode.glsl; path = simple.vert; sourceTree = "<group>"; };
		7D7373290FEC860400CD26D5 /* summer09.app */ = {isa = PBXFileReference; explicitFileType = wrapper.application; includeInIndex = 0; path = summer09.app; sourceTree = BUILT_PRODUCTS_DIR; };
		7D73732C0FEC860400CD26D5 /* Info.plist */ = {isa = PBXFileReference; lastKnownFileType = text.plist.xml; path = Info.plist; sourceTree = "<group>"; };
		7D7373300FEC8CAF00CD26D5 /* GLUT.framework */ = {isa = PBXFileReference; lastKnownFileType = wrapper.framework; name = GLUT.framework; path = /System/Library/Frameworks/GLUT.framework; sourceTree = "<absolute>"; };
		7D7373340FEC8CBA00CD26D5 /* OpenGL.framework */ = {isa = PBXFileReference; lastKnownFileType = wrapper.framework; name = OpenGL.framework; path = /System/Library/Frameworks/OpenGL.framework; sourceTree = "<absolute>"; };
/* End PBXFileReference section */

/* Begin PBXFrameworksBuildPhase section */
		7D7373270FEC860400CD26D5 /* Frameworks */ = {
			isa = PBXFrameworksBuildPhase;
			buildActionMask = 2147483647;
			files = (
				7D7373310FEC8CAF00CD26D5 /* GLUT.framework in Frameworks */,
				7D7373350FEC8CBA00CD26D5 /* OpenGL.framework in Frameworks */,
			);
			runOnlyForDeploymentPostprocessing = 0;
		};
/* End PBXFrameworksBuildPhase section */

/* Begin PBXGroup section */
		7D73731A0FEC85D400CD26D5 = {
			isa = PBXGroup;
			children = (
				7D5F75E51065C7CE00FFADED /* simple.frag */,
				7D5F75E61065C7CE00FFADED /* simple.vert */,
				7D5F75DB1065C7C300FFADED /* main.cpp */,
				7D5F75DC1065C7C300FFADED /* matrix.cpp */,
				7D5F75DD1065C7C300FFADED /* shadersource.cpp */,
				7D5F75DE1065C7C300FFADED /* shape.cpp */,
				7D7373340FEC8CBA00CD26D5 /* OpenGL.framework */,
				7D7373300FEC8CAF00CD26D5 /* GLUT.framework */,
				7D73732A0FEC860400CD26D5 /* Products */,
				7D73732C0FEC860400CD26D5 /* Info.plist */,
			);
			sourceTree = "<group>";
		};
		7D73732A0FEC860400CD26D5 /* Products */ = {
			isa = PBXGroup;
			children = (
				7D7373290FEC860400CD26D5 /* summer09.app */,
			);
			name = Products;
			sourceTree = "<group>";
		};
/* End PBXGroup section */

/* Begin PBXNativeTarget section */
		7D7373280FEC860400CD26D5 /* summer09 */ = {
			isa = PBXNativeTarget;
			buildConfigurationList = 7D73732F0FEC860500CD26D5 /* Build configuration list for PBXNativeTarget "summer09" */;
			buildPhases = (
				7D7373250FEC860400CD26D5 /* Resources */,
				7D7373260FEC860400CD26D5 /* Sources */,
				7D7373270FEC860400CD26D5 /* Frameworks */,
			);
			buildRules = (
			);
			dependencies = (
			);
			name = summer09;
			productName = summer09;
			productReference = 7D7373290FEC860400CD26D5 /* summer09.app */;
			productType = "com.apple.product-type.application";
		};
/* End PBXNativeTarget section */

/* Begin PBXProject section */
		7D73731C0FEC85D400CD26D5 /* Project object */ = {
			isa = PBXProject;
			buildConfigurationList = 7D73731F0FEC85D400CD26D5 /* Build configuration list for PBXProject "summer09" */;
			compatibilityVersion = "Xcode 2.4";
			hasScannedForEncodings = 0;
			mainGroup = 7D73731A0FEC85D400CD26D5;
			productRefGroup = 7D73732A0FEC860400CD26D5 /* Products */;
			projectDirPath = "";
			projectRoot = "";
			targets = (
				7D7373280FEC860400CD26D5 /* summer09 */,
			);
		};
/* End PBXProject section */

/* Begin PBXResourcesBuildPhase section */
		7D7373250FEC860400CD26D5 /* Resources */ = {
			isa = PBXResourcesBuildPhase;
			buildActionMask = 2147483647;
			files = (
				7D5F76091065D22200FFADED /* simple.frag in Resources */,
				7D5F760A1065D22200FFADED /* simple.vert in Resources */,
			);
			runOnlyForDeploymentPostprocessing = 0;
		};
/* End PBXResourcesBuildPhase section */

/* Begin PBXSourcesBuildPhase section */
		7D7373260FEC860400CD26D5 /* Sources */ = {
			isa = PBXSourcesBuildPhase;
			buildActionMask = 2147483647;
			files = (
				7D5F75DF1065C7C300FFADED /* main.cpp in Sources */,
				7D5F75E01065C7C300FFADED /* matrix.cpp in Sources */,
				7D5F75E11065C7C300FFADED /* shadersource.cpp in Sources */,
				7D5F75E21065C7C300FFADED /* shape.cpp in Sources */,
			);
			runOnlyForDeploymentPostprocessing = 0;
		};
/* End PBXSourcesBuildPhase section */

/* Begin XCBuildConfiguration section */
		7D73731D0FEC85D400CD26D5 /* Debug */ = {
			isa = XCBuildConfiguration;
			buildSettings = {
				COPY_PHASE_STRIP = NO;
			};
			name = Debug;
		};
		7D73731E0FEC85D400CD26D5 /* Release */ = {
			isa = XCBuildConfiguration;
			buildSettings = {
				COPY_PHASE_STRIP = YES;
			};
			name = Release;
		};
		7D73732D0FEC860500CD26D5 /* Debug */ = {
			isa = XCBuildConfiguration;
			buildSettings = {
				ALWAYS_SEARCH_USER_PATHS = NO;
				COPY_PHASE_STRIP = NO;
				GCC_PRECOMPILE_PREFIX_HEADER = YES;
				INFOPLIST_FILE = Info.plist;
				INSTALL_PATH = "$(HOME)/Applications";
				OTHER_LDFLAGS = "";
				PREBINDING = NO;
				PRODUCT_NAME = summer09;
			};
			name = Debug;
		};
		7D73732E0FEC860500CD26D5 /* Release */ = {
			isa = XCBuildConfiguration;
			buildSettings = {
				ALWAYS_SEARCH_USER_PATHS = NO;
				COPY_PHASE_STRIP = YES;
				DEBUG_INFORMATION_FORMAT = "dwarf-with-dsym";
				GCC_ENABLE_FIX_AND_CONTINUE = NO;
				GCC_PRECOMPILE_PREFIX_HEADER = YES;
				INFOPLIST_FILE = Info.plist;
				INSTALL_PATH = "$(HOME)/Applications";
				OTHER_LDFLAGS = "";
				PREBINDING = NO;
				PRODUCT_NAME = summer09;
				ZERO_LINK = NO;
			};
			name = Release;
		};
/* End XCBuildConfiguration section */

/* Begin XCConfigurationList section */
		7D73731F0FEC85D400CD26D5 /* Build configuration list for PBXProject "summer09" */ = {
			isa = XCConfigurationList;
			buildConfigurations = (
				7D73731D0FEC85D400CD26D5 /* Debug */,
				7D73731E0FEC85D400CD26D5 /* Release */,
			);
			defaultConfigurationIsVisible = 0;
			defaultConfigurationName = Release;
		};
		7D73732F0FEC860500CD26D5 /* Build configuration list for PBXNativeTarget "summer09" */ = {
			isa = XCConfigurationList;
			buildConfigurations = (
				7D73732D0FEC860500CD26D5 /* Debug */,
				7D73732E0FEC860500CD26D5 /* Release */,
			);
			defaultConfigurationIsVisible = 0;
			defaultConfigurationName = Release;
		};
/* End XCConfigurationList section */
	};
	rootObject = 7D73731C0FEC85D400CD26D5 /* Project object */;
}
